
Microsoft Visual Studio Solution File, Format Version 12.00
# Visual Studio Version 16
VisualStudioVersion = 16.0.31624.102
MinimumVisualStudioVersion = 10.0.40219.1
Project("{FAE04EC0-301F-11D3-BF4B-00C04F79EFBC}") = "Dio.Series", "Dio.Series.csproj", "{4D85927B-A805-4FAB-923C-EF0159915896}"
EndProject
Global
	GlobalSection(SolutionConfigurationPlatforms) = preSolution
		Debug|Any CPU = Debug|Any CPU
		Release|Any CPU = Release|Any CPU
	EndGlobalSection
	GlobalSection(ProjectConfigurationPlatforms) = postSolution
		{4D85927B-A805-4FAB-923C-EF0159915896}.Debug|Any CPU.ActiveCfg = Debug|Any CPU
		{4D85927B-A805-4FAB-923C-EF0159915896}.Debug|Any CPU.Build.0 = Debug|Any CPU
		{4D85927B-A805-4FAB-923C-EF0159915896}.Release|Any CPU.ActiveCfg = Release|Any CPU
		{4D85927B-A805-4FAB-923C-EF0159915896}.Release|Any CPU.Build.0 = Release|Any CPU
	EndGlobalSection
	GlobalSection(SolutionProperties) = preSolution
		HideSolutionNode = FALSE
	EndGlobalSection
	GlobalSection(ExtensibilityGlobals) = postSolution
		SolutionGuid = {58A81D92-19E0-46C9-A2CC-C3FB2884D4EA}
	EndGlobalSection
EndGlobal
